
Microsoft Visual Studio Solution File, Format Version 12.00
# Visual Studio Version 17
VisualStudioVersion = 17.10.35013.160
MinimumVisualStudioVersion = 10.0.40219.1
Project("{FAE04EC0-301F-11D3-BF4B-00C04F79EFBC}") = "project", "project\project.csproj", "{544E234D-8B0C-4F25-B168-7B3CE58A590D}"
EndProject
Global
	GlobalSection(SolutionConfigurationPlatforms) = preSolution
		Debug|Any CPU = Debug|Any CPU
		Release|Any CPU = Release|Any CPU
	EndGlobalSection
	GlobalSection(ProjectConfigurationPlatforms) = postSolution
		{544E234D-8B0C-4F25-B168-7B3CE58A590D}.Debug|Any CPU.ActiveCfg = Debug|Any CPU
		{544E234D-8B0C-4F25-B168-7B3CE58A590D}.Debug|Any CPU.Build.0 = Debug|Any CPU
		{544E234D-8B0C-4F25-B168-7B3CE58A590D}.Release|Any CPU.ActiveCfg = Release|Any CPU
		{544E234D-8B0C-4F25-B168-7B3CE58A590D}.Release|Any CPU.Build.0 = Release|Any CPU
	EndGlobalSection
	GlobalSection(SolutionProperties) = preSolution
		HideSolutionNode = FALSE
	EndGlobalSection
	GlobalSection(ExtensibilityGlobals) = postSolution
		SolutionGuid = {C4AD51AD-DD95-4D80-93FB-1187E1B5EB3B}
	EndGlobalSection
EndGlobal
